// !$*UTF8*$!
{
	archiveVersion = 1;
	classes = {
	};
	objectVersion = 50;
	objects = {

/* Begin PBXBuildFile section */
		9703B7BF23AA08E800001734 /* AppDelegate.swift in Sources */ = {isa = PBXBuildFile; fileRef = 9703B7BE23AA08E800001734 /* AppDelegate.swift */; };
		9703B7C123AA08E800001734 /* SceneDelegate.swift in Sources */ = {isa = PBXBuildFile; fileRef = 9703B7C023AA08E800001734 /* SceneDelegate.swift */; };
		9703B7C323AA08E800001734 /* ViewController.swift in Sources */ = {isa = PBXBuildFile; fileRef = 9703B7C223AA08E800001734 /* ViewController.swift */; };
		9703B7C623AA08E800001734 /* Main.storyboard in Resources */ = {isa = PBXBuildFile; fileRef = 9703B7C423AA08E800001734 /* Main.storyboard */; };
		9703B7C823AA08EA00001734 /* Assets.xcassets in Resources */ = {isa = PBXBuildFile; fileRef = 9703B7C723AA08EA00001734 /* Assets.xcassets */; };
		9703B7CB23AA08EA00001734 /* LaunchScreen.storyboard in Resources */ = {isa = PBXBuildFile; fileRef = 9703B7C923AA08EA00001734 /* LaunchScreen.storyboard */; };
		9703B7D623AA0A7200001734 /* RxSwift.framework in Frameworks */ = {isa = PBXBuildFile; fileRef = 9703B7D323AA0A7200001734 /* RxSwift.framework */; };
		9703B7D723AA0A7200001734 /* RxSwift.framework in Embed Frameworks */ = {isa = PBXBuildFile; fileRef = 9703B7D323AA0A7200001734 /* RxSwift.framework */; settings = {ATTRIBUTES = (CodeSignOnCopy, RemoveHeadersOnCopy, ); }; };
		9703B7D823AA0A7200001734 /* RxCocoa.framework in Frameworks */ = {isa = PBXBuildFile; fileRef = 9703B7D423AA0A7200001734 /* RxCocoa.framework */; };
		9703B7D923AA0A7200001734 /* RxCocoa.framework in Embed Frameworks */ = {isa = PBXBuildFile; fileRef = 9703B7D423AA0A7200001734 /* RxCocoa.framework */; settings = {ATTRIBUTES = (CodeSignOnCopy, RemoveHeadersOnCopy, ); }; };
		9703B7DA23AA0A7200001734 /* RxRelay.framework in Frameworks */ = {isa = PBXBuildFile; fileRef = 9703B7D523AA0A7200001734 /* RxRelay.framework */; };
		9703B7DB23AA0A7200001734 /* RxRelay.framework in Embed Frameworks */ = {isa = PBXBuildFile; fileRef = 9703B7D523AA0A7200001734 /* RxRelay.framework */; settings = {ATTRIBUTES = (CodeSignOnCopy, RemoveHeadersOnCopy, ); }; };
		9703B7DF23AA0AFE00001734 /* Result.swift in Sources */ = {isa = PBXBuildFile; fileRef = 9703B7DE23AA0AFE00001734 /* Result.swift */; };
		9703B7E123AA0C4800001734 /* APIClient.swift in Sources */ = {isa = PBXBuildFile; fileRef = 9703B7E023AA0C4800001734 /* APIClient.swift */; };
		9703B7E323AA0E9200001734 /* Alamofire.framework in Frameworks */ = {isa = PBXBuildFile; fileRef = 9703B7E223AA0E9200001734 /* Alamofire.framework */; };
		9703B7E423AA0E9200001734 /* Alamofire.framework in Embed Frameworks */ = {isa = PBXBuildFile; fileRef = 9703B7E223AA0E9200001734 /* Alamofire.framework */; settings = {ATTRIBUTES = (CodeSignOnCopy, RemoveHeadersOnCopy, ); }; };
		9703B7E623AA10AC00001734 /* WikipediaSearchAPIModel.swift in Sources */ = {isa = PBXBuildFile; fileRef = 9703B7E523AA10AC00001734 /* WikipediaSearchAPIModel.swift */; };
		9703B7E823AA15BD00001734 /* WikipediaSearchAPIViewModel.swift in Sources */ = {isa = PBXBuildFile; fileRef = 9703B7E723AA15BD00001734 /* WikipediaSearchAPIViewModel.swift */; };
/* End PBXBuildFile section */

/* Begin PBXCopyFilesBuildPhase section */
		9703B7DC23AA0A7200001734 /* Embed Frameworks */ = {
			isa = PBXCopyFilesBuildPhase;
			buildActionMask = 2147483647;
			dstPath = "";
			dstSubfolderSpec = 10;
			files = (
				9703B7D923AA0A7200001734 /* RxCocoa.framework in Embed Frameworks */,
				9703B7D723AA0A7200001734 /* RxSwift.framework in Embed Frameworks */,
				9703B7DB23AA0A7200001734 /* RxRelay.framework in Embed Frameworks */,
				9703B7E423AA0E9200001734 /* Alamofire.framework in Embed Frameworks */,
			);
			name = "Embed Frameworks";
			runOnlyForDeploymentPostprocessing = 0;
		};
/* End PBXCopyFilesBuildPhase section */

/* Begin PBXFileReference section */
		9703B7BB23AA08E800001734 /* test.app */ = {isa = PBXFileReference; explicitFileType = wrapper.application; includeInIndex = 0; path = test.app; sourceTree = BUILT_PRODUCTS_DIR; };
		9703B7BE23AA08E800001734 /* AppDelegate.swift */ = {isa = PBXFileReference; lastKnownFileType = sourcecode.swift; path = AppDelegate.swift; sourceTree = "<group>"; };
		9703B7C023AA08E800001734 /* SceneDelegate.swift */ = {isa = PBXFileReference; lastKnownFileType = sourcecode.swift; path = SceneDelegate.swift; sourceTree = "<group>"; };
		9703B7C223AA08E800001734 /* ViewController.swift */ = {isa = PBXFileReference; lastKnownFileType = sourcecode.swift; path = ViewController.swift; sourceTree = "<group>"; };
		9703B7C523AA08E800001734 /* Base */ = {isa = PBXFileReference; lastKnownFileType = file.storyboard; name = Base; path = Base.lproj/Main.storyboard; sourceTree = "<group>"; };
		9703B7C723AA08EA00001734 /* Assets.xcassets */ = {isa = PBXFileReference; lastKnownFileType = folder.assetcatalog; path = Assets.xcassets; sourceTree = "<group>"; };
		9703B7CA23AA08EA00001734 /* Base */ = {isa = PBXFileReference; lastKnownFileType = file.storyboard; name = Base; path = Base.lproj/LaunchScreen.storyboard; sourceTree = "<group>"; };
		9703B7CC23AA08EA00001734 /* Info.plist */ = {isa = PBXFileReference; lastKnownFileType = text.plist.xml; path = Info.plist; sourceTree = "<group>"; };
		9703B7D323AA0A7200001734 /* RxSwift.framework */ = {isa = PBXFileReference; lastKnownFileType = wrapper.framework; name = RxSwift.framework; path = Carthage/Build/iOS/RxSwift.framework; sourceTree = "<group>"; };
		9703B7D423AA0A7200001734 /* RxCocoa.framework */ = {isa = PBXFileReference; lastKnownFileType = wrapper.framework; name = RxCocoa.framework; path = Carthage/Build/iOS/RxCocoa.framework; sourceTree = "<group>"; };
		9703B7D523AA0A7200001734 /* RxRelay.framework */ = {isa = PBXFileReference; lastKnownFileType = wrapper.framework; name = RxRelay.framework; path = Carthage/Build/iOS/RxRelay.framework; sourceTree = "<group>"; };
		9703B7DE23AA0AFE00001734 /* Result.swift */ = {isa = PBXFileReference; lastKnownFileType = sourcecode.swift; path = Result.swift; sourceTree = "<group>"; };
		9703B7E023AA0C4800001734 /* APIClient.swift */ = {isa = PBXFileReference; lastKnownFileType = sourcecode.swift; path = APIClient.swift; sourceTree = "<group>"; };
		9703B7E223AA0E9200001734 /* Alamofire.framework */ = {isa = PBXFileReference; lastKnownFileType = wrapper.framework; name = Alamofire.framework; path = Carthage/Build/iOS/Alamofire.framework; sourceTree = "<group>"; };
		9703B7E523AA10AC00001734 /* WikipediaSearchAPIModel.swift */ = {isa = PBXFileReference; lastKnownFileType = sourcecode.swift; path = WikipediaSearchAPIModel.swift; sourceTree = "<group>"; };
		9703B7E723AA15BD00001734 /* WikipediaSearchAPIViewModel.swift */ = {isa = PBXFileReference; lastKnownFileType = sourcecode.swift; path = WikipediaSearchAPIViewModel.swift; sourceTree = "<group>"; };
/* End PBXFileReference section */

/* Begin PBXFrameworksBuildPhase section */
		9703B7B823AA08E800001734 /* Frameworks */ = {
			isa = PBXFrameworksBuildPhase;
			buildActionMask = 2147483647;
			files = (
				9703B7D823AA0A7200001734 /* RxCocoa.framework in Frameworks */,
				9703B7D623AA0A7200001734 /* RxSwift.framework in Frameworks */,
				9703B7DA23AA0A7200001734 /* RxRelay.framework in Frameworks */,
				9703B7E323AA0E9200001734 /* Alamofire.framework in Frameworks */,
			);
			runOnlyForDeploymentPostprocessing = 0;
		};
/* End PBXFrameworksBuildPhase section */

/* Begin PBXGroup section */
		9703B7B223AA08E800001734 = {
			isa = PBXGroup;
			children = (
				9703B7BD23AA08E800001734 /* test */,
				9703B7BC23AA08E800001734 /* Products */,
				9703B7D223AA0A7200001734 /* Frameworks */,
			);
			sourceTree = "<group>";
		};
		9703B7BC23AA08E800001734 /* Products */ = {
			isa = PBXGroup;
			children = (
				9703B7BB23AA08E800001734 /* test.app */,
			);
			name = Products;
			sourceTree = "<group>";
		};
		9703B7BD23AA08E800001734 /* test */ = {
			isa = PBXGroup;
			children = (
				9703B7BE23AA08E800001734 /* AppDelegate.swift */,
				9703B7C023AA08E800001734 /* SceneDelegate.swift */,
				9703B7C223AA08E800001734 /* ViewController.swift */,
				9703B7C423AA08E800001734 /* Main.storyboard */,
				9703B7C723AA08EA00001734 /* Assets.xcassets */,
				9703B7C923AA08EA00001734 /* LaunchScreen.storyboard */,
				9703B7CC23AA08EA00001734 /* Info.plist */,
				9703B7DE23AA0AFE00001734 /* Result.swift */,
				9703B7E023AA0C4800001734 /* APIClient.swift */,
				9703B7E523AA10AC00001734 /* WikipediaSearchAPIModel.swift */,
				9703B7E723AA15BD00001734 /* WikipediaSearchAPIViewModel.swift */,
			);
			path = test;
			sourceTree = "<group>";
		};
		9703B7D223AA0A7200001734 /* Frameworks */ = {
			isa = PBXGroup;
			children = (
				9703B7E223AA0E9200001734 /* Alamofire.framework */,
				9703B7D423AA0A7200001734 /* RxCocoa.framework */,
				9703B7D523AA0A7200001734 /* RxRelay.framework */,
				9703B7D323AA0A7200001734 /* RxSwift.framework */,
			);
			name = Frameworks;
			sourceTree = "<group>";
		};
/* End PBXGroup section */

/* Begin PBXNativeTarget section */
		9703B7BA23AA08E800001734 /* test */ = {
			isa = PBXNativeTarget;
			buildConfigurationList = 9703B7CF23AA08EA00001734 /* Build configuration list for PBXNativeTarget "test" */;
			buildPhases = (
				9703B7B723AA08E800001734 /* Sources */,
				9703B7B823AA08E800001734 /* Frameworks */,
				9703B7B923AA08E800001734 /* Resources */,
				9703B7DC23AA0A7200001734 /* Embed Frameworks */,
				9703B7DD23AA0A7800001734 /* ShellScript */,
			);
			buildRules = (
			);
			dependencies = (
			);
			name = test;
			productName = test;
			productReference = 9703B7BB23AA08E800001734 /* test.app */;
			productType = "com.apple.product-type.application";
		};
/* End PBXNativeTarget section */

/* Begin PBXProject section */
		9703B7B323AA08E800001734 /* Project object */ = {
			isa = PBXProject;
			attributes = {
				LastSwiftUpdateCheck = 1120;
				LastUpgradeCheck = 1120;
				ORGANIZATIONNAME = ono;
				TargetAttributes = {
					9703B7BA23AA08E800001734 = {
						CreatedOnToolsVersion = 11.2.1;
					};
				};
			};
			buildConfigurationList = 9703B7B623AA08E800001734 /* Build configuration list for PBXProject "test" */;
			compatibilityVersion = "Xcode 9.3";
			developmentRegion = en;
			hasScannedForEncodings = 0;
			knownRegions = (
				en,
				Base,
			);
			mainGroup = 9703B7B223AA08E800001734;
			productRefGroup = 9703B7BC23AA08E800001734 /* Products */;
			projectDirPath = "";
			projectRoot = "";
			targets = (
				9703B7BA23AA08E800001734 /* test */,
			);
		};
/* End PBXProject section */

/* Begin PBXResourcesBuildPhase section */
		9703B7B923AA08E800001734 /* Resources */ = {
			isa = PBXResourcesBuildPhase;
			buildActionMask = 2147483647;
			files = (
				9703B7CB23AA08EA00001734 /* LaunchScreen.storyboard in Resources */,
				9703B7C823AA08EA00001734 /* Assets.xcassets in Resources */,
				9703B7C623AA08E800001734 /* Main.storyboard in Resources */,
			);
			runOnlyForDeploymentPostprocessing = 0;
		};
/* End PBXResourcesBuildPhase section */

/* Begin PBXShellScriptBuildPhase section */
		9703B7DD23AA0A7800001734 /* ShellScript */ = {
			isa = PBXShellScriptBuildPhase;
			buildActionMask = 2147483647;
			files = (
			);
			inputFileListPaths = (
			);
			inputPaths = (
				"$(SRCROOT)/Carthage/Build/iOS/RxSwift.framework",
				"$(SRCROOT)/Carthage/Build/iOS/RxCocoa.framework",
				"$(SRCROOT)/Carthage/Build/iOS/RxRelay.framework",
				"$(SRCROOT)/Carthage/Build/iOS/Alamofire.framework",
			);
			outputFileListPaths = (
			);
			outputPaths = (
			);
			runOnlyForDeploymentPostprocessing = 0;
			shellPath = /bin/sh;
			shellScript = "# Type a script or drag a script file from your workspace to insert its path.\n/usr/local/bin/carthage copy-frameworks\n";
		};
/* End PBXShellScriptBuildPhase section */

/* Begin PBXSourcesBuildPhase section */
		9703B7B723AA08E800001734 /* Sources */ = {
			isa = PBXSourcesBuildPhase;
			buildActionMask = 2147483647;
			files = (
				9703B7C323AA08E800001734 /* ViewController.swift in Sources */,
				9703B7BF23AA08E800001734 /* AppDelegate.swift in Sources */,
				9703B7E823AA15BD00001734 /* WikipediaSearchAPIViewModel.swift in Sources */,
				9703B7DF23AA0AFE00001734 /* Result.swift in Sources */,
				9703B7E123AA0C4800001734 /* APIClient.swift in Sources */,
				9703B7E623AA10AC00001734 /* WikipediaSearchAPIModel.swift in Sources */,
				9703B7C123AA08E800001734 /* SceneDelegate.swift in Sources */,
			);
			runOnlyForDeploymentPostprocessing = 0;
		};
/* End PBXSourcesBuildPhase section */

/* Begin PBXVariantGroup section */
		9703B7C423AA08E800001734 /* Main.storyboard */ = {
			isa = PBXVariantGroup;
			children = (
				9703B7C523AA08E800001734 /* Base */,
			);
			name = Main.storyboard;
			sourceTree = "<group>";
		};
		9703B7C923AA08EA00001734 /* LaunchScreen.storyboard */ = {
			isa = PBXVariantGroup;
			children = (
				9703B7CA23AA08EA00001734 /* Base */,
			);
			name = LaunchScreen.storyboard;
			sourceTree = "<group>";
		};
/* End PBXVariantGroup section */

/* Begin XCBuildConfiguration section */
		9703B7CD23AA08EA00001734 /* Debug */ = {
			isa = XCBuildConfiguration;
			buildSettings = {
				ALWAYS_SEARCH_USER_PATHS = NO;
				CLANG_ANALYZER_NONNULL = YES;
				CLANG_ANALYZER_NUMBER_OBJECT_CONVERSION = YES_AGGRESSIVE;
				CLANG_CXX_LANGUAGE_STANDARD = "gnu++14";
				CLANG_CXX_LIBRARY = "libc++";
				CLANG_ENABLE_MODULES = YES;
				CLANG_ENABLE_OBJC_ARC = YES;
				CLANG_ENABLE_OBJC_WEAK = YES;
				CLANG_WARN_BLOCK_CAPTURE_AUTORELEASING = YES;
				CLANG_WARN_BOOL_CONVERSION = YES;
				CLANG_WARN_COMMA = YES;
				CLANG_WARN_CONSTANT_CONVERSION = YES;
				CLANG_WARN_DEPRECATED_OBJC_IMPLEMENTATIONS = YES;
				CLANG_WARN_DIRECT_OBJC_ISA_USAGE = YES_ERROR;
				CLANG_WARN_DOCUMENTATION_COMMENTS = YES;
				CLANG_WARN_EMPTY_BODY = YES;
				CLANG_WARN_ENUM_CONVERSION = YES;
				CLANG_WARN_INFINITE_RECURSION = YES;
				CLANG_WARN_INT_CONVERSION = YES;
				CLANG_WARN_NON_LITERAL_NULL_CONVERSION = YES;
				CLANG_WARN_OBJC_IMPLICIT_RETAIN_SELF = YES;
				CLANG_WARN_OBJC_LITERAL_CONVERSION = YES;
				CLANG_WARN_OBJC_ROOT_CLASS = YES_ERROR;
				CLANG_WARN_RANGE_LOOP_ANALYSIS = YES;
				CLANG_WARN_STRICT_PROTOTYPES = YES;
				CLANG_WARN_SUSPICIOUS_MOVE = YES;
				CLANG_WARN_UNGUARDED_AVAILABILITY = YES_AGGRESSIVE;
				CLANG_WARN_UNREACHABLE_CODE = YES;
				CLANG_WARN__DUPLICATE_METHOD_MATCH = YES;
				COPY_PHASE_STRIP = NO;
				DEBUG_INFORMATION_FORMAT = dwarf;
				ENABLE_STRICT_OBJC_MSGSEND = YES;
				ENABLE_TESTABILITY = YES;
				GCC_C_LANGUAGE_STANDARD = gnu11;
				GCC_DYNAMIC_NO_PIC = NO;
				GCC_NO_COMMON_BLOCKS = YES;
				GCC_OPTIMIZATION_LEVEL = 0;
				GCC_PREPROCESSOR_DEFINITIONS = (
					"DEBUG=1",
					"$(inherited)",
				);
				GCC_WARN_64_TO_32_BIT_CONVERSION = YES;
				GCC_WARN_ABOUT_RETURN_TYPE = YES_ERROR;
				GCC_WARN_UNDECLARED_SELECTOR = YES;
				GCC_WARN_UNINITIALIZED_AUTOS = YES_AGGRESSIVE;
				GCC_WARN_UNUSED_FUNCTION = YES;
				GCC_WARN_UNUSED_VARIABLE = YES;
				IPHONEOS_DEPLOYMENT_TARGET = 13.2;
				MTL_ENABLE_DEBUG_INFO = INCLUDE_SOURCE;
				MTL_FAST_MATH = YES;
				ONLY_ACTIVE_ARCH = YES;
				SDKROOT = iphoneos;
				SWIFT_ACTIVE_COMPILATION_CONDITIONS = DEBUG;
				SWIFT_OPTIMIZATION_LEVEL = "-Onone";
			};
			name = Debug;
		};
		9703B7CE23AA08EA00001734 /* Release */ = {
			isa = XCBuildConfiguration;
			buildSettings = {
				ALWAYS_SEARCH_USER_PATHS = NO;
				CLANG_ANALYZER_NONNULL = YES;
				CLANG_ANALYZER_NUMBER_OBJECT_CONVERSION = YES_AGGRESSIVE;
				CLANG_CXX_LANGUAGE_STANDARD = "gnu++14";
				CLANG_CXX_LIBRARY = "libc++";
				CLANG_ENABLE_MODULES = YES;
				CLANG_ENABLE_OBJC_ARC = YES;
				CLANG_ENABLE_OBJC_WEAK = YES;
				CLANG_WARN_BLOCK_CAPTURE_AUTORELEASING = YES;
				CLANG_WARN_BOOL_CONVERSION = YES;
				CLANG_WARN_COMMA = YES;
				CLANG_WARN_CONSTANT_CONVERSION = YES;
				CLANG_WARN_DEPRECATED_OBJC_IMPLEMENTATIONS = YES;
				CLANG_WARN_DIRECT_OBJC_ISA_USAGE = YES_ERROR;
				CLANG_WARN_DOCUMENTATION_COMMENTS = YES;
				CLANG_WARN_EMPTY_BODY = YES;
				CLANG_WARN_ENUM_CONVERSION = YES;
				CLANG_WARN_INFINITE_RECURSION = YES;
				CLANG_WARN_INT_CONVERSION = YES;
				CLANG_WARN_NON_LITERAL_NULL_CONVERSION = YES;
				CLANG_WARN_OBJC_IMPLICIT_RETAIN_SELF = YES;
				CLANG_WARN_OBJC_LITERAL_CONVERSION = YES;
				CLANG_WARN_OBJC_ROOT_CLASS = YES_ERROR;
				CLANG_WARN_RANGE_LOOP_ANALYSIS = YES;
				CLANG_WARN_STRICT_PROTOTYPES = YES;
				CLANG_WARN_SUSPICIOUS_MOVE = YES;
				CLANG_WARN_UNGUARDED_AVAILABILITY = YES_AGGRESSIVE;
				CLANG_WARN_UNREACHABLE_CODE = YES;
				CLANG_WARN__DUPLICATE_METHOD_MATCH = YES;
				COPY_PHASE_STRIP = NO;
				DEBUG_INFORMATION_FORMAT = "dwarf-with-dsym";
				ENABLE_NS_ASSERTIONS = NO;
				ENABLE_STRICT_OBJC_MSGSEND = YES;
				GCC_C_LANGUAGE_STANDARD = gnu11;
				GCC_NO_COMMON_BLOCKS = YES;
				GCC_WARN_64_TO_32_BIT_CONVERSION = YES;
				GCC_WARN_ABOUT_RETURN_TYPE = YES_ERROR;
				GCC_WARN_UNDECLARED_SELECTOR = YES;
				GCC_WARN_UNINITIALIZED_AUTOS = YES_AGGRESSIVE;
				GCC_WARN_UNUSED_FUNCTION = YES;
				GCC_WARN_UNUSED_VARIABLE = YES;
				IPHONEOS_DEPLOYMENT_TARGET = 13.2;
				MTL_ENABLE_DEBUG_INFO = NO;
				MTL_FAST_MATH = YES;
				SDKROOT = iphoneos;
				SWIFT_COMPILATION_MODE = wholemodule;
				SWIFT_OPTIMIZATION_LEVEL = "-O";
				VALIDATE_PRODUCT = YES;
			};
			name = Release;
		};
		9703B7D023AA08EA00001734 /* Debug */ = {
			isa = XCBuildConfiguration;
			buildSettings = {
				ASSETCATALOG_COMPILER_APPICON_NAME = AppIcon;
				CODE_SIGN_STYLE = Automatic;
				DEVELOPMENT_TEAM = LY4WDVQ2KC;
				FRAMEWORK_SEARCH_PATHS = (
					"$(inherited)",
					"$(PROJECT_DIR)/Carthage/Build/iOS",
				);
				INFOPLIST_FILE = test/Info.plist;
				LD_RUNPATH_SEARCH_PATHS = (
					"$(inherited)",
					"@executable_path/Frameworks",
				);
				PRODUCT_BUNDLE_IDENTIFIER = com.jam.dentsu.test;
				PRODUCT_NAME = "$(TARGET_NAME)";
				SWIFT_VERSION = 5.0;
				TARGETED_DEVICE_FAMILY = "1,2";
			};
			name = Debug;
		};
		9703B7D123AA08EA00001734 /* Release */ = {
			isa = XCBuildConfiguration;
			buildSettings = {
				ASSETCATALOG_COMPILER_APPICON_NAME = AppIcon;
				CODE_SIGN_STYLE = Automatic;
				DEVELOPMENT_TEAM = LY4WDVQ2KC;
				FRAMEWORK_SEARCH_PATHS = (
					"$(inherited)",
					"$(PROJECT_DIR)/Carthage/Build/iOS",
				);
				INFOPLIST_FILE = test/Info.plist;
				LD_RUNPATH_SEARCH_PATHS = (
					"$(inherited)",
					"@executable_path/Frameworks",
				);
				PRODUCT_BUNDLE_IDENTIFIER = com.jam.dentsu.test;
				PRODUCT_NAME = "$(TARGET_NAME)";
				SWIFT_VERSION = 5.0;
				TARGETED_DEVICE_FAMILY = "1,2";
			};
			name = Release;
		};
/* End XCBuildConfiguration section */

/* Begin XCConfigurationList section */
		9703B7B623AA08E800001734 /* Build configuration list for PBXProject "test" */ = {
			isa = XCConfigurationList;
			buildConfigurations = (
				9703B7CD23AA08EA00001734 /* Debug */,
				9703B7CE23AA08EA00001734 /* Release */,
			);
			defaultConfigurationIsVisible = 0;
			defaultConfigurationName = Release;
		};
		9703B7CF23AA08EA00001734 /* Build configuration list for PBXNativeTarget "test" */ = {
			isa = XCConfigurationList;
			buildConfigurations = (
				9703B7D023AA08EA00001734 /* Debug */,
				9703B7D123AA08EA00001734 /* Release */,
			);
			defaultConfigurationIsVisible = 0;
			defaultConfigurationName = Release;
		};
/* End XCConfigurationList section */
	};
	rootObject = 9703B7B323AA08E800001734 /* Project object */;
}
